
Microsoft Visual Studio Solution File, Format Version 12.00
# Visual Studio 15
VisualStudioVersion = 15.0.28307.1738
MinimumVisualStudioVersion = 10.0.40219.1
Project("{FAE04EC0-301F-11D3-BF4B-00C04F79EFBC}") = "RazorTemplate", "RazorTemplate\RazorTemplate.csproj", "{E8F2D815-C7CE-43AD-9875-764E35063998}"
EndProject
Project("{FAE04EC0-301F-11D3-BF4B-00C04F79EFBC}") = "Company.WebApplication1", "Company.WebApplication1\Company.WebApplication1.csproj", "{B1C3820C-68DC-46D0-B50E-63775D88B15F}"
EndProject
Global
	GlobalSection(SolutionConfigurationPlatforms) = preSolution
		Debug|Any CPU = Debug|Any CPU
		Release|Any CPU = Release|Any CPU
	EndGlobalSection
	GlobalSection(ProjectConfigurationPlatforms) = postSolution
		{E8F2D815-C7CE-43AD-9875-764E35063998}.Debug|Any CPU.ActiveCfg = Debug|Any CPU
		{E8F2D815-C7CE-43AD-9875-764E35063998}.Debug|Any CPU.Build.0 = Debug|Any CPU
		{E8F2D815-C7CE-43AD-9875-764E35063998}.Release|Any CPU.ActiveCfg = Release|Any CPU
		{E8F2D815-C7CE-43AD-9875-764E35063998}.Release|Any CPU.Build.0 = Release|Any CPU
		{B1C3820C-68DC-46D0-B50E-63775D88B15F}.Debug|Any CPU.ActiveCfg = Debug|Any CPU
		{B1C3820C-68DC-46D0-B50E-63775D88B15F}.Debug|Any CPU.Build.0 = Debug|Any CPU
		{B1C3820C-68DC-46D0-B50E-63775D88B15F}.Release|Any CPU.ActiveCfg = Release|Any CPU
		{B1C3820C-68DC-46D0-B50E-63775D88B15F}.Release|Any CPU.Build.0 = Release|Any CPU
	EndGlobalSection
	GlobalSection(SolutionProperties) = preSolution
		HideSolutionNode = FALSE
	EndGlobalSection
	GlobalSection(ExtensibilityGlobals) = postSolution
		SolutionGuid = {9D264F4B-B500-45FF-88D7-074865EC9297}
	EndGlobalSection
EndGlobal
